
Microsoft Visual Studio Solution File, Format Version 11.00
# Visual Studio 2010
Project("{FAE04EC0-301F-11D3-BF4B-00C04F79EFBC}") = "PeanutButter.Business.Facade", "PeanutButter.Business.Facade\PeanutButter.Business.Facade.csproj", "{1CB10739-3120-4387-97D0-3CBF35CB22F4}"
EndProject
Project("{FAE04EC0-301F-11D3-BF4B-00C04F79EFBC}") = "PeanutButter.Business.Entities", "PeanutButter.Business.Entities\PeanutButter.Business.Entities.csproj", "{46B785D5-23D6-4C07-9C89-D67253167576}"
EndProject
Global
	GlobalSection(SolutionConfigurationPlatforms) = preSolution
		Debug|Any CPU = Debug|Any CPU
		Release|Any CPU = Release|Any CPU
	EndGlobalSection
	GlobalSection(ProjectConfigurationPlatforms) = postSolution
		{1CB10739-3120-4387-97D0-3CBF35CB22F4}.Debug|Any CPU.ActiveCfg = Debug|Any CPU
		{1CB10739-3120-4387-97D0-3CBF35CB22F4}.Debug|Any CPU.Build.0 = Debug|Any CPU
		{1CB10739-3120-4387-97D0-3CBF35CB22F4}.Release|Any CPU.ActiveCfg = Release|Any CPU
		{1CB10739-3120-4387-97D0-3CBF35CB22F4}.Release|Any CPU.Build.0 = Release|Any CPU
		{46B785D5-23D6-4C07-9C89-D67253167576}.Debug|Any CPU.ActiveCfg = Debug|Any CPU
		{46B785D5-23D6-4C07-9C89-D67253167576}.Debug|Any CPU.Build.0 = Debug|Any CPU
		{46B785D5-23D6-4C07-9C89-D67253167576}.Release|Any CPU.ActiveCfg = Release|Any CPU
		{46B785D5-23D6-4C07-9C89-D67253167576}.Release|Any CPU.Build.0 = Release|Any CPU
	EndGlobalSection
	GlobalSection(SolutionProperties) = preSolution
		HideSolutionNode = FALSE
	EndGlobalSection
EndGlobal
