
Microsoft Visual Studio Solution File, Format Version 11.00
# Visual Studio 2010
Project("{FAE04EC0-301F-11D3-BF4B-00C04F79EFBC}") = "UnitTestKata.Model", "UnitTestKata.Model\UnitTestKata.Model.csproj", "{38D84217-8AC5-472B-A44F-D77D36E0D6C9}"
EndProject
Project("{2150E333-8FDC-42A3-9474-1A3956D46DE8}") = "UnitTestKata.Ria.Service", "UnitTestKata.Ria.Service", "{D560C4AD-0B47-487A-905F-EDED5AA28DE3}"
EndProject
Project("{FAE04EC0-301F-11D3-BF4B-00C04F79EFBC}") = "UnitTestKata.Ria.Service.Web", "UnitTestKata.Ria.Service.Web\UnitTestKata.Ria.Service.Web.csproj", "{4D9A7E72-A16F-492A-A9AD-3029B2C96142}"
EndProject
Project("{FAE04EC0-301F-11D3-BF4B-00C04F79EFBC}") = "UnitTestKata.Ria.Service", "UnitTestKata.Ria.Service\UnitTestKata.Ria.Service.csproj", "{2B00689D-4F70-4241-B905-5367484FB864}"
	ProjectSection(ProjectDependencies) = postProject
		{4D9A7E72-A16F-492A-A9AD-3029B2C96142} = {4D9A7E72-A16F-492A-A9AD-3029B2C96142}
	EndProjectSection
EndProject
Global
	GlobalSection(SolutionConfigurationPlatforms) = preSolution
		Debug|Any CPU = Debug|Any CPU
		Release|Any CPU = Release|Any CPU
	EndGlobalSection
	GlobalSection(ProjectConfigurationPlatforms) = postSolution
		{38D84217-8AC5-472B-A44F-D77D36E0D6C9}.Debug|Any CPU.ActiveCfg = Debug|Any CPU
		{38D84217-8AC5-472B-A44F-D77D36E0D6C9}.Debug|Any CPU.Build.0 = Debug|Any CPU
		{38D84217-8AC5-472B-A44F-D77D36E0D6C9}.Release|Any CPU.ActiveCfg = Release|Any CPU
		{38D84217-8AC5-472B-A44F-D77D36E0D6C9}.Release|Any CPU.Build.0 = Release|Any CPU
		{4D9A7E72-A16F-492A-A9AD-3029B2C96142}.Debug|Any CPU.ActiveCfg = Debug|Any CPU
		{4D9A7E72-A16F-492A-A9AD-3029B2C96142}.Debug|Any CPU.Build.0 = Debug|Any CPU
		{4D9A7E72-A16F-492A-A9AD-3029B2C96142}.Release|Any CPU.ActiveCfg = Release|Any CPU
		{4D9A7E72-A16F-492A-A9AD-3029B2C96142}.Release|Any CPU.Build.0 = Release|Any CPU
		{2B00689D-4F70-4241-B905-5367484FB864}.Debug|Any CPU.ActiveCfg = Debug|Any CPU
		{2B00689D-4F70-4241-B905-5367484FB864}.Debug|Any CPU.Build.0 = Debug|Any CPU
		{2B00689D-4F70-4241-B905-5367484FB864}.Release|Any CPU.ActiveCfg = Release|Any CPU
		{2B00689D-4F70-4241-B905-5367484FB864}.Release|Any CPU.Build.0 = Release|Any CPU
	EndGlobalSection
	GlobalSection(SolutionProperties) = preSolution
		HideSolutionNode = FALSE
	EndGlobalSection
	GlobalSection(NestedProjects) = preSolution
		{4D9A7E72-A16F-492A-A9AD-3029B2C96142} = {D560C4AD-0B47-487A-905F-EDED5AA28DE3}
		{2B00689D-4F70-4241-B905-5367484FB864} = {D560C4AD-0B47-487A-905F-EDED5AA28DE3}
	EndGlobalSection
EndGlobal
