
Microsoft Visual Studio Solution File, Format Version 11.00
# Visual Studio 2010
Project("{CC5FD16D-436D-48AD-A40C-5A424C6E3E79}") = "HowdyCloudy", "HowdyCloudy\HowdyCloudy.ccproj", "{43B284F0-0030-482B-B60B-8AE347D6D604}"
EndProject
Project("{FAE04EC0-301F-11D3-BF4B-00C04F79EFBC}") = "WebRole1", "WebRole1\WebRole1.csproj", "{5B7E762B-F7B1-48CB-8DFC-20DEF5CA3AC7}"
EndProject
Global
	GlobalSection(SolutionConfigurationPlatforms) = preSolution
		Debug|Any CPU = Debug|Any CPU
		Release|Any CPU = Release|Any CPU
	EndGlobalSection
	GlobalSection(ProjectConfigurationPlatforms) = postSolution
		{43B284F0-0030-482B-B60B-8AE347D6D604}.Debug|Any CPU.ActiveCfg = Debug|Any CPU
		{43B284F0-0030-482B-B60B-8AE347D6D604}.Debug|Any CPU.Build.0 = Debug|Any CPU
		{43B284F0-0030-482B-B60B-8AE347D6D604}.Release|Any CPU.ActiveCfg = Release|Any CPU
		{43B284F0-0030-482B-B60B-8AE347D6D604}.Release|Any CPU.Build.0 = Release|Any CPU
		{5B7E762B-F7B1-48CB-8DFC-20DEF5CA3AC7}.Debug|Any CPU.ActiveCfg = Debug|Any CPU
		{5B7E762B-F7B1-48CB-8DFC-20DEF5CA3AC7}.Debug|Any CPU.Build.0 = Debug|Any CPU
		{5B7E762B-F7B1-48CB-8DFC-20DEF5CA3AC7}.Release|Any CPU.ActiveCfg = Release|Any CPU
		{5B7E762B-F7B1-48CB-8DFC-20DEF5CA3AC7}.Release|Any CPU.Build.0 = Release|Any CPU
	EndGlobalSection
	GlobalSection(SolutionProperties) = preSolution
		HideSolutionNode = FALSE
	EndGlobalSection
EndGlobal
